
Microsoft Visual Studio Solution File, Format Version 12.00
# Visual Studio Version 16
VisualStudioVersion = 16.0.32228.343
MinimumVisualStudioVersion = 10.0.40219.1
Project("{9A19103F-16F7-4668-BE54-9A1E7A4F7556}") = "WebApplication", "WebApplication\WebApplication.csproj", "{D3EF849F-6431-49F9-A611-1474A5FB61C8}"
EndProject
Project("{9A19103F-16F7-4668-BE54-9A1E7A4F7556}") = "WebAppBLL", "WebAppBLL\WebAppBLL.csproj", "{7CE49FCA-4DE6-480F-A756-822A7E83FE3D}"
EndProject
Project("{9A19103F-16F7-4668-BE54-9A1E7A4F7556}") = "WebAppDAL", "WebAppDAL\WebAppDAL.csproj", "{3219BA0C-BEE1-4861-81AE-31F108430451}"
EndProject
Project("{FAE04EC0-301F-11D3-BF4B-00C04F79EFBC}") = "WebAppService", "WebAppService\WebAppService.csproj", "{70F90935-324B-471B-A8CC-85BE65A8AAF7}"
EndProject
Global
	GlobalSection(SolutionConfigurationPlatforms) = preSolution
		Debug|Any CPU = Debug|Any CPU
		Release|Any CPU = Release|Any CPU
	EndGlobalSection
	GlobalSection(ProjectConfigurationPlatforms) = postSolution
		{D3EF849F-6431-49F9-A611-1474A5FB61C8}.Debug|Any CPU.ActiveCfg = Debug|Any CPU
		{D3EF849F-6431-49F9-A611-1474A5FB61C8}.Debug|Any CPU.Build.0 = Debug|Any CPU
		{D3EF849F-6431-49F9-A611-1474A5FB61C8}.Release|Any CPU.ActiveCfg = Release|Any CPU
		{D3EF849F-6431-49F9-A611-1474A5FB61C8}.Release|Any CPU.Build.0 = Release|Any CPU
		{7CE49FCA-4DE6-480F-A756-822A7E83FE3D}.Debug|Any CPU.ActiveCfg = Debug|Any CPU
		{7CE49FCA-4DE6-480F-A756-822A7E83FE3D}.Debug|Any CPU.Build.0 = Debug|Any CPU
		{7CE49FCA-4DE6-480F-A756-822A7E83FE3D}.Release|Any CPU.ActiveCfg = Release|Any CPU
		{7CE49FCA-4DE6-480F-A756-822A7E83FE3D}.Release|Any CPU.Build.0 = Release|Any CPU
		{3219BA0C-BEE1-4861-81AE-31F108430451}.Debug|Any CPU.ActiveCfg = Debug|Any CPU
		{3219BA0C-BEE1-4861-81AE-31F108430451}.Debug|Any CPU.Build.0 = Debug|Any CPU
		{3219BA0C-BEE1-4861-81AE-31F108430451}.Release|Any CPU.ActiveCfg = Release|Any CPU
		{3219BA0C-BEE1-4861-81AE-31F108430451}.Release|Any CPU.Build.0 = Release|Any CPU
		{70F90935-324B-471B-A8CC-85BE65A8AAF7}.Debug|Any CPU.ActiveCfg = Debug|Any CPU
		{70F90935-324B-471B-A8CC-85BE65A8AAF7}.Debug|Any CPU.Build.0 = Debug|Any CPU
		{70F90935-324B-471B-A8CC-85BE65A8AAF7}.Release|Any CPU.ActiveCfg = Release|Any CPU
		{70F90935-324B-471B-A8CC-85BE65A8AAF7}.Release|Any CPU.Build.0 = Release|Any CPU
	EndGlobalSection
	GlobalSection(SolutionProperties) = preSolution
		HideSolutionNode = FALSE
	EndGlobalSection
	GlobalSection(ExtensibilityGlobals) = postSolution
		SolutionGuid = {113E55F4-F22B-4746-9BDB-A76E96BB7507}
	EndGlobalSection
EndGlobal
